// !$*UTF8*$!
{
	archiveVersion = 1;
	classes = {
	};
	objectVersion = 46;
	objects = {

/* Begin PBXBuildFile section */
		928AD60615AD7C5200B5855E /* UIKit.framework in Frameworks */ = {isa = PBXBuildFile; fileRef = 928AD60515AD7C5200B5855E /* UIKit.framework */; };
		928AD60815AD7C5200B5855E /* Foundation.framework in Frameworks */ = {isa = PBXBuildFile; fileRef = 928AD60715AD7C5200B5855E /* Foundation.framework */; };
		928AD60A15AD7C5200B5855E /* CoreGraphics.framework in Frameworks */ = {isa = PBXBuildFile; fileRef = 928AD60915AD7C5200B5855E /* CoreGraphics.framework */; };
		928AD61015AD7C5200B5855E /* InfoPlist.strings in Resources */ = {isa = PBXBuildFile; fileRef = 928AD60E15AD7C5200B5855E /* InfoPlist.strings */; };
		928AD61215AD7C5200B5855E /* main.m in Sources */ = {isa = PBXBuildFile; fileRef = 928AD61115AD7C5200B5855E /* main.m */; };
		928AD61615AD7C5200B5855E /* AppDelegate.m in Sources */ = {isa = PBXBuildFile; fileRef = 928AD61515AD7C5200B5855E /* AppDelegate.m */; };
		928AD61915AD7C5200B5855E /* MainStoryboard_iPhone.storyboard in Resources */ = {isa = PBXBuildFile; fileRef = 928AD61715AD7C5200B5855E /* MainStoryboard_iPhone.storyboard */; };
		928AD61C15AD7C5200B5855E /* MainStoryboard_iPad.storyboard in Resources */ = {isa = PBXBuildFile; fileRef = 928AD61A15AD7C5200B5855E /* MainStoryboard_iPad.storyboard */; };
		928AD61F15AD7C5200B5855E /* ViewController.m in Sources */ = {isa = PBXBuildFile; fileRef = 928AD61E15AD7C5200B5855E /* ViewController.m */; };
/* End PBXBuildFile section */

/* Begin PBXFileReference section */
		928AD60115AD7C5200B5855E /* iPingPong.app */ = {isa = PBXFileReference; explicitFileType = wrapper.application; includeInIndex = 0; path = iPingPong.app; sourceTree = BUILT_PRODUCTS_DIR; };
		928AD60515AD7C5200B5855E /* UIKit.framework */ = {isa = PBXFileReference; lastKnownFileType = wrapper.framework; name = UIKit.framework; path = System/Library/Frameworks/UIKit.framework; sourceTree = SDKROOT; };
		928AD60715AD7C5200B5855E /* Foundation.framework */ = {isa = PBXFileReference; lastKnownFileType = wrapper.framework; name = Foundation.framework; path = System/Library/Frameworks/Foundation.framework; sourceTree = SDKROOT; };
		928AD60915AD7C5200B5855E /* CoreGraphics.framework */ = {isa = PBXFileReference; lastKnownFileType = wrapper.framework; name = CoreGraphics.framework; path = System/Library/Frameworks/CoreGraphics.framework; sourceTree = SDKROOT; };
		928AD60D15AD7C5200B5855E /* iPingPong-Info.plist */ = {isa = PBXFileReference; lastKnownFileType = text.plist.xml; path = "iPingPong-Info.plist"; sourceTree = "<group>"; };
		928AD60F15AD7C5200B5855E /* en */ = {isa = PBXFileReference; lastKnownFileType = text.plist.strings; name = en; path = en.lproj/InfoPlist.strings; sourceTree = "<group>"; };
		928AD61115AD7C5200B5855E /* main.m */ = {isa = PBXFileReference; lastKnownFileType = sourcecode.c.objc; path = main.m; sourceTree = "<group>"; };
		928AD61315AD7C5200B5855E /* iPingPong-Prefix.pch */ = {isa = PBXFileReference; lastKnownFileType = sourcecode.c.h; path = "iPingPong-Prefix.pch"; sourceTree = "<group>"; };
		928AD61415AD7C5200B5855E /* AppDelegate.h */ = {isa = PBXFileReference; lastKnownFileType = sourcecode.c.h; path = AppDelegate.h; sourceTree = "<group>"; };
		928AD61515AD7C5200B5855E /* AppDelegate.m */ = {isa = PBXFileReference; lastKnownFileType = sourcecode.c.objc; path = AppDelegate.m; sourceTree = "<group>"; };
		928AD61815AD7C5200B5855E /* en */ = {isa = PBXFileReference; lastKnownFileType = file.storyboard; name = en; path = en.lproj/MainStoryboard_iPhone.storyboard; sourceTree = "<group>"; };
		928AD61B15AD7C5200B5855E /* en */ = {isa = PBXFileReference; lastKnownFileType = file.storyboard; name = en; path = en.lproj/MainStoryboard_iPad.storyboard; sourceTree = "<group>"; };
		928AD61D15AD7C5200B5855E /* ViewController.h */ = {isa = PBXFileReference; lastKnownFileType = sourcecode.c.h; path = ViewController.h; sourceTree = "<group>"; };
		928AD61E15AD7C5200B5855E /* ViewController.m */ = {isa = PBXFileReference; lastKnownFileType = sourcecode.c.objc; path = ViewController.m; sourceTree = "<group>"; };
/* End PBXFileReference section */

/* Begin PBXFrameworksBuildPhase section */
		928AD5FE15AD7C5200B5855E /* Frameworks */ = {
			isa = PBXFrameworksBuildPhase;
			buildActionMask = 2147483647;
			files = (
				928AD60615AD7C5200B5855E /* UIKit.framework in Frameworks */,
				928AD60815AD7C5200B5855E /* Foundation.framework in Frameworks */,
				928AD60A15AD7C5200B5855E /* CoreGraphics.framework in Frameworks */,
			);
			runOnlyForDeploymentPostprocessing = 0;
		};
/* End PBXFrameworksBuildPhase section */

/* Begin PBXGroup section */
		928AD5F615AD7C5200B5855E = {
			isa = PBXGroup;
			children = (
				928AD60B15AD7C5200B5855E /* iPingPong */,
				928AD60415AD7C5200B5855E /* Frameworks */,
				928AD60215AD7C5200B5855E /* Products */,
			);
			sourceTree = "<group>";
		};
		928AD60215AD7C5200B5855E /* Products */ = {
			isa = PBXGroup;
			children = (
				928AD60115AD7C5200B5855E /* iPingPong.app */,
			);
			name = Products;
			sourceTree = "<group>";
		};
		928AD60415AD7C5200B5855E /* Frameworks */ = {
			isa = PBXGroup;
			children = (
				928AD60515AD7C5200B5855E /* UIKit.framework */,
				928AD60715AD7C5200B5855E /* Foundation.framework */,
				928AD60915AD7C5200B5855E /* CoreGraphics.framework */,
			);
			name = Frameworks;
			sourceTree = "<group>";
		};
		928AD60B15AD7C5200B5855E /* iPingPong */ = {
			isa = PBXGroup;
			children = (
				928AD61415AD7C5200B5855E /* AppDelegate.h */,
				928AD61515AD7C5200B5855E /* AppDelegate.m */,
				928AD61715AD7C5200B5855E /* MainStoryboard_iPhone.storyboard */,
				928AD61A15AD7C5200B5855E /* MainStoryboard_iPad.storyboard */,
				928AD61D15AD7C5200B5855E /* ViewController.h */,
				928AD61E15AD7C5200B5855E /* ViewController.m */,
				928AD60C15AD7C5200B5855E /* Supporting Files */,
			);
			path = iPingPong;
			sourceTree = "<group>";
		};
		928AD60C15AD7C5200B5855E /* Supporting Files */ = {
			isa = PBXGroup;
			children = (
				928AD60D15AD7C5200B5855E /* iPingPong-Info.plist */,
				928AD60E15AD7C5200B5855E /* InfoPlist.strings */,
				928AD61115AD7C5200B5855E /* main.m */,
				928AD61315AD7C5200B5855E /* iPingPong-Prefix.pch */,
			);
			name = "Supporting Files";
			sourceTree = "<group>";
		};
/* End PBXGroup section */

/* Begin PBXNativeTarget section */
		928AD60015AD7C5200B5855E /* iPingPong */ = {
			isa = PBXNativeTarget;
			buildConfigurationList = 928AD62215AD7C5200B5855E /* Build configuration list for PBXNativeTarget "iPingPong" */;
			buildPhases = (
				928AD5FD15AD7C5200B5855E /* Sources */,
				928AD5FE15AD7C5200B5855E /* Frameworks */,
				928AD5FF15AD7C5200B5855E /* Resources */,
			);
			buildRules = (
			);
			dependencies = (
			);
			name = iPingPong;
			productName = iPingPong;
			productReference = 928AD60115AD7C5200B5855E /* iPingPong.app */;
			productType = "com.apple.product-type.application";
		};
/* End PBXNativeTarget section */

/* Begin PBXProject section */
		928AD5F815AD7C5200B5855E /* Project object */ = {
			isa = PBXProject;
			attributes = {
				LastUpgradeCheck = 0430;
				ORGANIZATIONNAME = 79100105T;
			};
			buildConfigurationList = 928AD5FB15AD7C5200B5855E /* Build configuration list for PBXProject "iPingPong" */;
			compatibilityVersion = "Xcode 3.2";
			developmentRegion = English;
			hasScannedForEncodings = 0;
			knownRegions = (
				en,
			);
			mainGroup = 928AD5F615AD7C5200B5855E;
			productRefGroup = 928AD60215AD7C5200B5855E /* Products */;
			projectDirPath = "";
			projectRoot = "";
			targets = (
				928AD60015AD7C5200B5855E /* iPingPong */,
			);
		};
/* End PBXProject section */

/* Begin PBXResourcesBuildPhase section */
		928AD5FF15AD7C5200B5855E /* Resources */ = {
			isa = PBXResourcesBuildPhase;
			buildActionMask = 2147483647;
			files = (
				928AD61015AD7C5200B5855E /* InfoPlist.strings in Resources */,
				928AD61915AD7C5200B5855E /* MainStoryboard_iPhone.storyboard in Resources */,
				928AD61C15AD7C5200B5855E /* MainStoryboard_iPad.storyboard in Resources */,
			);
			runOnlyForDeploymentPostprocessing = 0;
		};
/* End PBXResourcesBuildPhase section */

/* Begin PBXSourcesBuildPhase section */
		928AD5FD15AD7C5200B5855E /* Sources */ = {
			isa = PBXSourcesBuildPhase;
			buildActionMask = 2147483647;
			files = (
				928AD61215AD7C5200B5855E /* main.m in Sources */,
				928AD61615AD7C5200B5855E /* AppDelegate.m in Sources */,
				928AD61F15AD7C5200B5855E /* ViewController.m in Sources */,
			);
			runOnlyForDeploymentPostprocessing = 0;
		};
/* End PBXSourcesBuildPhase section */

/* Begin PBXVariantGroup section */
		928AD60E15AD7C5200B5855E /* InfoPlist.strings */ = {
			isa = PBXVariantGroup;
			children = (
				928AD60F15AD7C5200B5855E /* en */,
			);
			name = InfoPlist.strings;
			sourceTree = "<group>";
		};
		928AD61715AD7C5200B5855E /* MainStoryboard_iPhone.storyboard */ = {
			isa = PBXVariantGroup;
			children = (
				928AD61815AD7C5200B5855E /* en */,
			);
			name = MainStoryboard_iPhone.storyboard;
			sourceTree = "<group>";
		};
		928AD61A15AD7C5200B5855E /* MainStoryboard_iPad.storyboard */ = {
			isa = PBXVariantGroup;
			children = (
				928AD61B15AD7C5200B5855E /* en */,
			);
			name = MainStoryboard_iPad.storyboard;
			sourceTree = "<group>";
		};
/* End PBXVariantGroup section */

/* Begin XCBuildConfiguration section */
		928AD62015AD7C5200B5855E /* Debug */ = {
			isa = XCBuildConfiguration;
			buildSettings = {
				ALWAYS_SEARCH_USER_PATHS = NO;
				ARCHS = "$(ARCHS_STANDARD_32_BIT)";
				"CODE_SIGN_IDENTITY[sdk=iphoneos*]" = "iPhone Developer";
				COPY_PHASE_STRIP = NO;
				GCC_C_LANGUAGE_STANDARD = gnu99;
				GCC_DYNAMIC_NO_PIC = NO;
				GCC_OPTIMIZATION_LEVEL = 0;
				GCC_PREPROCESSOR_DEFINITIONS = (
					"DEBUG=1",
					"$(inherited)",
				);
				GCC_SYMBOLS_PRIVATE_EXTERN = NO;
				GCC_VERSION = com.apple.compilers.llvm.clang.1_0;
				GCC_WARN_ABOUT_RETURN_TYPE = YES;
				GCC_WARN_UNINITIALIZED_AUTOS = YES;
				GCC_WARN_UNUSED_VARIABLE = YES;
				IPHONEOS_DEPLOYMENT_TARGET = 5.1;
				SDKROOT = iphoneos;
				TARGETED_DEVICE_FAMILY = "1,2";
			};
			name = Debug;
		};
		928AD62115AD7C5200B5855E /* Release */ = {
			isa = XCBuildConfiguration;
			buildSettings = {
				ALWAYS_SEARCH_USER_PATHS = NO;
				ARCHS = "$(ARCHS_STANDARD_32_BIT)";
				"CODE_SIGN_IDENTITY[sdk=iphoneos*]" = "iPhone Developer";
				COPY_PHASE_STRIP = YES;
				GCC_C_LANGUAGE_STANDARD = gnu99;
				GCC_VERSION = com.apple.compilers.llvm.clang.1_0;
				GCC_WARN_ABOUT_RETURN_TYPE = YES;
				GCC_WARN_UNINITIALIZED_AUTOS = YES;
				GCC_WARN_UNUSED_VARIABLE = YES;
				IPHONEOS_DEPLOYMENT_TARGET = 5.1;
				OTHER_CFLAGS = "-DNS_BLOCK_ASSERTIONS=1";
				SDKROOT = iphoneos;
				TARGETED_DEVICE_FAMILY = "1,2";
				VALIDATE_PRODUCT = YES;
			};
			name = Release;
		};
		928AD62315AD7C5200B5855E /* Debug */ = {
			isa = XCBuildConfiguration;
			buildSettings = {
				GCC_PRECOMPILE_PREFIX_HEADER = YES;
				GCC_PREFIX_HEADER = "iPingPong/iPingPong-Prefix.pch";
				INFOPLIST_FILE = "iPingPong/iPingPong-Info.plist";
				PRODUCT_NAME = "$(TARGET_NAME)";
				TARGETED_DEVICE_FAMILY = 1;
				WRAPPER_EXTENSION = app;
			};
			name = Debug;
		};
		928AD62415AD7C5200B5855E /* Release */ = {
			isa = XCBuildConfiguration;
			buildSettings = {
				GCC_PRECOMPILE_PREFIX_HEADER = YES;
				GCC_PREFIX_HEADER = "iPingPong/iPingPong-Prefix.pch";
				INFOPLIST_FILE = "iPingPong/iPingPong-Info.plist";
				PRODUCT_NAME = "$(TARGET_NAME)";
				TARGETED_DEVICE_FAMILY = 1;
				WRAPPER_EXTENSION = app;
			};
			name = Release;
		};
/* End XCBuildConfiguration section */

/* Begin XCConfigurationList section */
		928AD5FB15AD7C5200B5855E /* Build configuration list for PBXProject "iPingPong" */ = {
			isa = XCConfigurationList;
			buildConfigurations = (
				928AD62015AD7C5200B5855E /* Debug */,
				928AD62115AD7C5200B5855E /* Release */,
			);
			defaultConfigurationIsVisible = 0;
			defaultConfigurationName = Release;
		};
		928AD62215AD7C5200B5855E /* Build configuration list for PBXNativeTarget "iPingPong" */ = {
			isa = XCConfigurationList;
			buildConfigurations = (
				928AD62315AD7C5200B5855E /* Debug */,
				928AD62415AD7C5200B5855E /* Release */,
			);
			defaultConfigurationIsVisible = 0;
			defaultConfigurationName = Release;
		};
/* End XCConfigurationList section */
	};
	rootObject = 928AD5F815AD7C5200B5855E /* Project object */;
}
